
Microsoft Visual Studio Solution File, Format Version 12.00
# Visual Studio Version 16
VisualStudioVersion = 16.0.31005.135
MinimumVisualStudioVersion = 10.0.40219.1
Project("{FAE04EC0-301F-11D3-BF4B-00C04F79EFBC}") = "Практическая работа 10", "Практическая работа 10.csproj", "{4B05A4B7-28DC-4D40-95FA-4B6E64EE6448}"
EndProject
Global
	GlobalSection(SolutionConfigurationPlatforms) = preSolution
		Debug|Any CPU = Debug|Any CPU
		Release|Any CPU = Release|Any CPU
	EndGlobalSection
	GlobalSection(ProjectConfigurationPlatforms) = postSolution
		{4B05A4B7-28DC-4D40-95FA-4B6E64EE6448}.Debug|Any CPU.ActiveCfg = Debug|Any CPU
		{4B05A4B7-28DC-4D40-95FA-4B6E64EE6448}.Debug|Any CPU.Build.0 = Debug|Any CPU
		{4B05A4B7-28DC-4D40-95FA-4B6E64EE6448}.Release|Any CPU.ActiveCfg = Release|Any CPU
		{4B05A4B7-28DC-4D40-95FA-4B6E64EE6448}.Release|Any CPU.Build.0 = Release|Any CPU
	EndGlobalSection
	GlobalSection(SolutionProperties) = preSolution
		HideSolutionNode = FALSE
	EndGlobalSection
	GlobalSection(ExtensibilityGlobals) = postSolution
		SolutionGuid = {8DB5142D-88D9-40DA-9DAE-34E3F1687B79}
	EndGlobalSection
EndGlobal
